<?xml version="1.0" encoding="UTF-8"?>
<CONFIG>
  <ProjectOptions>
    <Version Value="9"/>
    <PathDelim Value="\"/>
    <General>
      <SessionStorage Value="InProjectDir"/>
      <MainUnit Value="0"/>
      <Title Value="l4j"/>
      <ResourceType Value="res"/>
      <UseXPManifest Value="True"/>
      <Icon Value="0"/>
    </General>
    <i18n>
      <EnableI18N LFM="False"/>
    </i18n>
    <VersionInfo>
      <UseVersionInfo Value="True"/>
      <AutoIncrementBuild Value="True"/>
      <MajorVersionNr Value="4"/>
      <BuildNr Value="602"/>
      <StringTable ProductVersion="4.0.0.601"/>
    </VersionInfo>
    <BuildModes Count="1">
      <Item1 Name="Default" Default="True"/>
    </BuildModes>
    <PublishOptions>
      <Version Value="2"/>
    </PublishOptions>
    <RunParams>
      <local>
        <FormatVersion Value="1"/>
      </local>
    </RunParams>
    <RequiredPackages Count="5">
      <Item1>
        <PackageName Value="TurboPowerIPro"/>
      </Item1>
      <Item2>
        <PackageName Value="SQLDBLaz"/>
      </Item2>
      <Item3>
        <PackageName Value="Abbrevia"/>
      </Item3>
      <Item4>
        <PackageName Value="virtualtreeview_package"/>
      </Item4>
      <Item5>
        <PackageName Value="LCL"/>
      </Item5>
    </RequiredPackages>
    <Units Count="8">
      <Unit0>
        <Filename Value="l4j.lpr"/>
        <IsPartOfProject Value="True"/>
      </Unit0>
      <Unit1>
        <Filename Value="l4jmainunit.pas"/>
        <IsPartOfProject Value="True"/>
        <ComponentName Value="L4JMainForm"/>
        <HasResources Value="True"/>
        <ResourceBaseClass Value="Form"/>
        <UnitName Value="L4JMainUnit"/>
      </Unit1>
      <Unit2>
        <Filename Value="l4jtypes.pas"/>
        <IsPartOfProject Value="True"/>
        <UnitName Value="l4jTypes"/>
      </Unit2>
      <Unit3>
        <Filename Value="..\Xml\FilterDialog.pas"/>
        <IsPartOfProject Value="True"/>
        <HasResources Value="True"/>
      </Unit3>
      <Unit4>
        <Filename Value="..\Components\Indy10\Lib\Protocols\IdHTTP.pas"/>
        <IsPartOfProject Value="True"/>
      </Unit4>
      <Unit5>
        <Filename Value="..\Components\Indy10\Lib\System\IdStack.pas"/>
        <IsPartOfProject Value="True"/>
      </Unit5>
      <Unit6>
        <Filename Value="..\Html\htmlxmlutilz.pas"/>
        <IsPartOfProject Value="True"/>
      </Unit6>
      <Unit7>
        <Filename Value="..\wsdlStub\EditRegExpUnit.pas"/>
        <IsPartOfProject Value="True"/>
        <ComponentName Value="EditRegExpForm"/>
        <HasResources Value="True"/>
        <ResourceBaseClass Value="Form"/>
      </Unit7>
    </Units>
  </ProjectOptions>
  <CompilerOptions>
    <Version Value="11"/>
    <PathDelim Value="\"/>
    <Target>
      <Filename Value="l4j"/>
    </Target>
    <SearchPaths>
      <IncludeFiles Value="$(ProjOutDir)"/>
      <OtherUnitFiles Value="..\Xml;..\Xml\IpmScanner;..\Xml\json;..\Xml\yaml;..\Utils;..\Utils\dcpCrypt2;..\Utils\dcpCrypt2\Ciphers;..\Utils\dcpCrypt2\Hashes;..\Utils\a2bStringList;..\Xpress;..\Mq;..\StompInterface;..\TacoInterface;..\StompInterface\Stomp;..\Components\Indy10\Lib\Core;..\Components\Indy10\Lib\System;..\Components\Indy10\Lib\Protocols;..\Html;..\wsdlStub"/>
      <UnitOutputDirectory Value="lib\$(TargetCPU)-$(TargetOS)"/>
    </SearchPaths>
    <Linking>
      <Debugging>
        <GenerateDebugInfo Value="False"/>
      </Debugging>
      <Options>
        <Win32>
          <GraphicApplication Value="True"/>
        </Win32>
      </Options>
    </Linking>
    <Other>
      <CustomOptions Value="-dFPCUnixAPI
-dUseCThreads"/>
      <OtherDefines Count="5">
        <Define0 Value="FPCUnixAPI"/>
        <Define1 Value="USESQLCONNECTOR"/>
        <Define2 Value="USEORACLECONNECTION"/>
        <Define3 Value="UseCThreads"/>
        <Define4 Value="GETENDURANCE"/>
      </OtherDefines>
    </Other>
  </CompilerOptions>
  <Debugging>
    <Exceptions Count="8">
      <Item1>
        <Name Value="EAbort"/>
      </Item1>
      <Item2>
        <Name Value="ECodetoolError"/>
      </Item2>
      <Item3>
        <Name Value="EFOpenError"/>
      </Item3>
      <Item4>
        <Name Value="ERegistryException"/>
      </Item4>
      <Item5>
        <Name Value="EDatabaseError"/>
      </Item5>
      <Item6>
        <Name Value="EODBCException"/>
      </Item6>
      <Item7>
        <Name Value="EConvertError"/>
      </Item7>
      <Item8>
        <Name Value="Exception"/>
      </Item8>
    </Exceptions>
  </Debugging>
</CONFIG>
