<?xml version="1.0" encoding="UTF-8"?>
<CONFIG>
  <ProjectOptions>
    <Version Value="11"/>
    <PathDelim Value="\"/>
    <General>
      <SessionStorage Value="InProjectDir"/>
      <MainUnit Value="0"/>
      <Title Value="Test"/>
      <ResourceType Value="res"/>
      <UseXPManifest Value="True"/>
      <Icon Value="0"/>
    </General>
    <i18n>
      <EnableI18N LFM="False"/>
    </i18n>
    <BuildModes Count="1">
      <Item1 Name="Default" Default="True"/>
    </BuildModes>
    <PublishOptions>
      <Version Value="2"/>
    </PublishOptions>
    <RunParams>
      <FormatVersion Value="2"/>
      <Modes Count="1">
        <Mode0 Name="default"/>
      </Modes>
    </RunParams>
    <RequiredPackages Count="6">
      <Item1>
        <PackageName Value="FrameViewer09"/>
      </Item1>
      <Item2>
        <PackageName Value="fpc_markdown"/>
      </Item2>
      <Item3>
        <PackageName Value="TurboPowerIPro"/>
      </Item3>
      <Item4>
        <PackageName Value="virtualtreeview_package"/>
      </Item4>
      <Item5>
        <PackageName Value="SynEdit"/>
      </Item5>
      <Item6>
        <PackageName Value="LCL"/>
      </Item6>
    </RequiredPackages>
    <Units Count="3">
      <Unit0>
        <Filename Value="Test.lpr"/>
        <IsPartOfProject Value="True"/>
        <UnitName Value="yamlTest"/>
      </Unit0>
      <Unit1>
        <Filename Value="testunit.pas"/>
        <IsPartOfProject Value="True"/>
        <ComponentName Value="Form1"/>
        <HasResources Value="True"/>
        <ResourceBaseClass Value="Form"/>
        <UnitName Value="TestUnit"/>
      </Unit1>
      <Unit2>
        <Filename Value="..\..\..\Xpress\ParserClasses.pas"/>
        <IsPartOfProject Value="True"/>
      </Unit2>
    </Units>
  </ProjectOptions>
  <CompilerOptions>
    <Version Value="11"/>
    <PathDelim Value="\"/>
    <Target>
      <Filename Value="Test"/>
    </Target>
    <SearchPaths>
      <IncludeFiles Value="$(ProjOutDir)"/>
      <OtherUnitFiles Value="..\..\..\Xpress;..\..\..\wsdlStub;..\..\json;..\..\yaml;..\..\IpmScanner;..\..;..;..\..\..\Components\Indy10\Lib\Core;..\..\..\Components\Indy10\Lib\System;..\..\..\Components\Indy10\Lib\Protocols;..\..\..\Html;..\..\..\Utils;..\..\..\Utils\a2bStringList;..\..\..\Utils\dcpCrypt2\Hashes;..\..\..\Utils\dcpCrypt2"/>
      <UnitOutputDirectory Value="lib\$(TargetCPU)-$(TargetOS)"/>
    </SearchPaths>
    <Linking>
      <Options>
        <Win32>
          <GraphicApplication Value="True"/>
        </Win32>
      </Options>
    </Linking>
  </CompilerOptions>
  <Debugging>
    <Exceptions Count="6">
      <Item1>
        <Name Value="EAbort"/>
      </Item1>
      <Item2>
        <Name Value="ECodetoolError"/>
      </Item2>
      <Item3>
        <Name Value="EFOpenError"/>
      </Item3>
      <Item4>
        <Name Value="EResNotFound"/>
      </Item4>
      <Item5>
        <Name Value="ERegistryException"/>
      </Item5>
      <Item6>
        <Name Value="Exception"/>
      </Item6>
    </Exceptions>
  </Debugging>
</CONFIG>
