<?xml version="1.0" encoding="UTF-8"?>
<CONFIG>
  <ProjectOptions>
    <Version Value="11"/>
    <PathDelim Value="\"/>
    <General>
      <SessionStorage Value="InProjectDir"/>
      <MainUnit Value="0"/>
      <Title Value="apiUi"/>
      <ResourceType Value="res"/>
      <UseXPManifest Value="True"/>
      <XPManifest>
        <TextName Value="apiUi.org"/>
        <TextDesc Value="apiUi - api tester and mocker"/>
      </XPManifest>
      <Icon Value="0"/>
    </General>
    <i18n>
      <EnableI18N LFM="False"/>
    </i18n>
    <VersionInfo>
      <UseVersionInfo Value="True"/>
      <MajorVersionNr Value="10"/>
      <MinorVersionNr Value="5"/>
      <RevisionNr Value="1"/>
      <BuildNr Value="13012"/>
      <StringTable CompanyName="apiUi.org" FileDescription="apiUi - api tester and mocker" ProductVersion="10.3.0.11959"/>
    </VersionInfo>
    <BuildModes Count="1">
      <Item1 Name="Default" Default="True"/>
    </BuildModes>
    <PublishOptions>
      <Version Value="2"/>
      <DestinationDirectory Value="C:\Data\publish"/>
    </PublishOptions>
    <RunParams>
      <FormatVersion Value="2"/>
      <Modes Count="1">
        <Mode0 Name="default"/>
      </Modes>
    </RunParams>
    <RequiredPackages Count="11">
      <Item1>
        <PackageName Value="fpc_markdown"/>
      </Item1>
      <Item2>
        <PackageName Value="FrameViewer09"/>
      </Item2>
      <Item3>
        <PackageName Value="indylaz"/>
      </Item3>
      <Item4>
        <PackageName Value="FCL"/>
      </Item4>
      <Item5>
        <PackageName Value="Abbrevia"/>
      </Item5>
      <Item6>
        <PackageName Value="TAChartLazarusPkg"/>
      </Item6>
      <Item7>
        <PackageName Value="TurboPowerIPro"/>
      </Item7>
      <Item8>
        <PackageName Value="SQLDBLaz"/>
      </Item8>
      <Item9>
        <PackageName Value="SynEdit"/>
      </Item9>
      <Item10>
        <PackageName Value="virtualtreeview_package"/>
      </Item10>
      <Item11>
        <PackageName Value="LCL"/>
      </Item11>
    </RequiredPackages>
    <Units Count="60">
      <Unit0>
        <Filename Value="apiUi.lpr"/>
        <IsPartOfProject Value="True"/>
      </Unit0>
      <Unit1>
        <Filename Value="..\Xml\claimlistz.pas"/>
        <IsPartOfProject Value="True"/>
        <UnitName Value="ClaimListz"/>
      </Unit1>
      <Unit2>
        <Filename Value="..\wsdlStub\WsdlStubMainUnit.pas"/>
        <IsPartOfProject Value="True"/>
        <ComponentName Value="MainForm"/>
        <HasResources Value="True"/>
        <ResourceBaseClass Value="Form"/>
      </Unit2>
      <Unit3>
        <Filename Value="..\Components\Indy10\Lib\Core\IdExceptionCore.pas"/>
        <IsPartOfProject Value="True"/>
      </Unit3>
      <Unit4>
        <Filename Value="..\Components\Indy10\Lib\System\IdStack.pas"/>
        <IsPartOfProject Value="True"/>
      </Unit4>
      <Unit5>
        <Filename Value="..\Xml\snapshotz.pas"/>
        <IsPartOfProject Value="True"/>
      </Unit5>
      <Unit6>
        <Filename Value="..\Xml\exceptionutils.pas"/>
        <IsPartOfProject Value="True"/>
        <UnitName Value="exceptionUtils"/>
      </Unit6>
      <Unit7>
        <Filename Value="..\Components\Indy10\Lib\Protocols\IdHTTP.pas"/>
        <IsPartOfProject Value="True"/>
      </Unit7>
      <Unit8>
        <Filename Value="..\Html\htmlxmlutilz.pas"/>
        <IsPartOfProject Value="True"/>
        <UnitName Value="htmlXmlUtilz"/>
      </Unit8>
      <Unit9>
        <Filename Value="..\wsdlStub\htmlreportz.pas"/>
        <IsPartOfProject Value="True"/>
      </Unit9>
      <Unit10>
        <Filename Value="..\wsdlStub\junitunit.pas"/>
        <IsPartOfProject Value="True"/>
      </Unit10>
      <Unit11>
        <Filename Value="..\Xml\stringlistlistunit.pas"/>
        <IsPartOfProject Value="True"/>
        <UnitName Value="StringListListUnit"/>
      </Unit11>
      <Unit12>
        <Filename Value="..\ProgressStatus\progressinterface.pas"/>
        <IsPartOfProject Value="True"/>
        <UnitName Value="ProgressInterface"/>
      </Unit12>
      <Unit13>
        <Filename Value="..\wsdlStub\WsdlProjectz.pas"/>
        <IsPartOfProject Value="True"/>
      </Unit13>
      <Unit14>
        <Filename Value="..\wsdlStub\editcontextsunit.pas"/>
        <IsPartOfProject Value="True"/>
        <ComponentName Value="EditContextsForm"/>
        <HasResources Value="True"/>
        <ResourceBaseClass Value="Form"/>
        <UnitName Value="EditContextsUnit"/>
      </Unit14>
      <Unit15>
        <Filename Value="..\wsdlStub\wsdlListUnit.pas"/>
        <IsPartOfProject Value="True"/>
        <ComponentName Value="wsdlListForm"/>
        <HasResources Value="True"/>
        <ResourceBaseClass Value="Form"/>
      </Unit15>
      <Unit16>
        <Filename Value="..\wsdlStub\wsdlcontrolz.pas"/>
        <IsPartOfProject Value="True"/>
      </Unit16>
      <Unit17>
        <Filename Value="..\wsdlStub\IpmGridUnit.pas"/>
        <IsPartOfProject Value="True"/>
        <ComponentName Value="IpmGridForm"/>
        <HasResources Value="True"/>
        <ResourceBaseClass Value="Form"/>
      </Unit17>
      <Unit18>
        <Filename Value="..\wsdlStub\Listenerz.pas"/>
        <IsPartOfProject Value="True"/>
      </Unit18>
      <Unit19>
        <Filename Value="..\wsdlStub\ChooseStringUnit.pas"/>
        <IsPartOfProject Value="True"/>
        <ComponentName Value="ChooseStringForm"/>
        <HasResources Value="True"/>
        <ResourceBaseClass Value="Form"/>
      </Unit19>
      <Unit20>
        <Filename Value="..\wsdlStub\AboutUnit.pas"/>
        <IsPartOfProject Value="True"/>
        <ComponentName Value="AboutBox"/>
        <HasResources Value="True"/>
        <ResourceBaseClass Value="Form"/>
      </Unit20>
      <Unit21>
        <Filename Value="..\wsdlStub\AddFavouritesUnit.pas"/>
        <IsPartOfProject Value="True"/>
        <ComponentName Value="AddFavouritesForm"/>
        <HasResources Value="True"/>
        <ResourceBaseClass Value="Form"/>
      </Unit21>
      <Unit22>
        <Filename Value="..\wsdlStub\ApplyToUnit.pas"/>
        <IsPartOfProject Value="True"/>
        <HasResources Value="True"/>
      </Unit22>
      <Unit23>
        <Filename Value="..\wsdlStub\BitWiseUnit.pas"/>
        <IsPartOfProject Value="True"/>
        <ComponentName Value="BitWiseForm"/>
        <HasResources Value="True"/>
        <ResourceBaseClass Value="Form"/>
      </Unit23>
      <Unit24>
        <Filename Value="..\wsdlStub\ccbGenerationParamsUnit.pas"/>
        <IsPartOfProject Value="True"/>
        <ComponentName Value="ccbGenerationParamsForm"/>
        <HasResources Value="True"/>
        <ResourceBaseClass Value="Form"/>
      </Unit24>
      <Unit25>
        <Filename Value="..\wsdlStub\Choose2StringsUnit.pas"/>
        <IsPartOfProject Value="True"/>
        <ComponentName Value="Choose2StringsForm"/>
        <HasResources Value="True"/>
        <ResourceBaseClass Value="Form"/>
      </Unit25>
      <Unit26>
        <Filename Value="..\wsdlStub\DelayTimeUnit.pas"/>
        <IsPartOfProject Value="True"/>
        <ComponentName Value="DelayTimeForm"/>
        <HasResources Value="True"/>
        <ResourceBaseClass Value="Form"/>
      </Unit26>
      <Unit27>
        <Filename Value="..\wsdlStub\DisclaimerUnit.pas"/>
        <IsPartOfProject Value="True"/>
        <HasResources Value="True"/>
      </Unit27>
      <Unit28>
        <Filename Value="..\wsdlStub\EditCheckerUnit.pas"/>
        <IsPartOfProject Value="True"/>
        <HasResources Value="True"/>
      </Unit28>
      <Unit29>
        <Filename Value="..\wsdlStub\EditListValuesUnit.pas"/>
        <IsPartOfProject Value="True"/>
        <ComponentName Value="EditListValuesForm"/>
        <HasResources Value="True"/>
        <ResourceBaseClass Value="Form"/>
      </Unit29>
      <Unit30>
        <Filename Value="..\wsdlStub\EditOperationScriptUnit.pas"/>
        <IsPartOfProject Value="True"/>
        <ComponentName Value="EditOperationScriptForm"/>
        <HasResources Value="True"/>
        <ResourceBaseClass Value="Form"/>
      </Unit30>
      <Unit31>
        <Filename Value="..\wsdlStub\EditPartExpUnit.pas"/>
        <IsPartOfProject Value="True"/>
        <HasResources Value="True"/>
      </Unit31>
      <Unit32>
        <Filename Value="..\wsdlStub\EditRegExpUnit.pas"/>
        <IsPartOfProject Value="True"/>
        <ComponentName Value="EditRegExpForm"/>
        <HasResources Value="True"/>
        <ResourceBaseClass Value="Form"/>
      </Unit32>
      <Unit33>
        <Filename Value="..\wsdlStub\EditStamperUnit.pas"/>
        <IsPartOfProject Value="True"/>
        <HasResources Value="True"/>
      </Unit33>
      <Unit34>
        <Filename Value="..\wsdlStub\EditTextUnit.pas"/>
        <IsPartOfProject Value="True"/>
        <ComponentName Value="EditTexttForm"/>
        <HasResources Value="True"/>
        <ResourceBaseClass Value="Form"/>
      </Unit34>
      <Unit35>
        <Filename Value="..\wsdlStub\EditValueUnit.pas"/>
        <IsPartOfProject Value="True"/>
        <ComponentName Value="EditValueForm"/>
        <HasResources Value="True"/>
        <ResourceBaseClass Value="Form"/>
      </Unit35>
      <Unit36>
        <Filename Value="..\wsdlStub\ExceptionLogz.pas"/>
        <IsPartOfProject Value="True"/>
      </Unit36>
      <Unit37>
        <Filename Value="..\wsdlStub\IpmGunLicense.pas"/>
        <IsPartOfProject Value="True"/>
      </Unit37>
      <Unit38>
        <Filename Value="..\wsdlStub\IpmGunLicenseUnit.pas"/>
        <IsPartOfProject Value="True"/>
        <ComponentName Value="IpmGunLicenseForm"/>
        <HasResources Value="True"/>
        <ResourceBaseClass Value="Form"/>
      </Unit38>
      <Unit39>
        <Filename Value="..\wsdlStub\LogFilterUnit.pas"/>
        <IsPartOfProject Value="True"/>
        <ComponentName Value="LogFilterForm"/>
        <HasResources Value="True"/>
        <ResourceBaseClass Value="Form"/>
      </Unit39>
      <Unit40>
        <Filename Value="..\wsdlStub\messagesFromDiskUnit.pas"/>
        <IsPartOfProject Value="True"/>
        <ComponentName Value="messagesFromDiskForm"/>
        <HasResources Value="True"/>
        <ResourceBaseClass Value="Form"/>
      </Unit40>
      <Unit41>
        <Filename Value="..\wsdlStub\messagesToDiskUnit.pas"/>
        <IsPartOfProject Value="True"/>
        <ComponentName Value="messagesToDiskForm"/>
        <HasResources Value="True"/>
        <ResourceBaseClass Value="Form"/>
      </Unit41>
      <Unit42>
        <Filename Value="..\wsdlStub\mqBrowseUnit.pas"/>
        <IsPartOfProject Value="True"/>
        <HasResources Value="True"/>
      </Unit42>
      <Unit43>
        <Filename Value="..\wsdlStub\OpenWsdlUnit.pas"/>
        <IsPartOfProject Value="True"/>
        <ComponentName Value="OpenWsdlForm"/>
        <HasResources Value="True"/>
        <ResourceBaseClass Value="Form"/>
      </Unit43>
      <Unit44>
        <Filename Value="..\wsdlStub\QueryNewElementUnit.pas"/>
        <IsPartOfProject Value="True"/>
        <ComponentName Value="QueryNewElementForm"/>
        <HasResources Value="True"/>
        <ResourceBaseClass Value="Form"/>
      </Unit44>
      <Unit45>
        <Filename Value="..\wsdlStub\SaveProjectAsUnit.pas"/>
        <IsPartOfProject Value="True"/>
        <HasResources Value="True"/>
      </Unit45>
      <Unit46>
        <Filename Value="..\wsdlStub\SchemaLocationz.pas"/>
        <IsPartOfProject Value="True"/>
      </Unit46>
      <Unit47>
        <Filename Value="..\wsdlStub\SelectDbNameUnit.pas"/>
        <IsPartOfProject Value="True"/>
        <ComponentName Value="SelectDbNameForm"/>
        <HasResources Value="True"/>
        <ResourceBaseClass Value="Form"/>
      </Unit47>
      <Unit48>
        <Filename Value="..\wsdlStub\SelectElementsUnit.pas"/>
        <IsPartOfProject Value="True"/>
        <ComponentName Value="SelectElementsForm"/>
        <HasResources Value="True"/>
        <ResourceBaseClass Value="Form"/>
      </Unit48>
      <Unit49>
        <Filename Value="..\wsdlStub\SelectItemUnit.pas"/>
        <IsPartOfProject Value="True"/>
        <ComponentName Value="SelectItemForm"/>
        <HasResources Value="True"/>
        <ResourceBaseClass Value="Form"/>
      </Unit49>
      <Unit50>
        <Filename Value="..\wsdlStub\SelectProjectFolderUnit.pas"/>
        <IsPartOfProject Value="True"/>
        <HasResources Value="True"/>
      </Unit50>
      <Unit51>
        <Filename Value="..\wsdlStub\SelectXmlElement.pas"/>
        <IsPartOfProject Value="True"/>
        <ComponentName Value="SelectXmlElementForm"/>
        <HasResources Value="True"/>
        <ResourceBaseClass Value="Form"/>
      </Unit51>
      <Unit52>
        <Filename Value="..\wsdlStub\smtpInterface.pas"/>
        <IsPartOfProject Value="True"/>
      </Unit52>
      <Unit53>
        <Filename Value="..\wsdlStub\StressTestUnit.pas"/>
        <IsPartOfProject Value="True"/>
        <HasResources Value="True"/>
      </Unit53>
      <Unit54>
        <Filename Value="..\wsdlStub\testerunit.pas"/>
        <IsPartOfProject Value="True"/>
        <HasResources Value="True"/>
      </Unit54>
      <Unit55>
        <Filename Value="..\wsdlStub\wsaConfigUnit.pas"/>
        <IsPartOfProject Value="True"/>
        <HasResources Value="True"/>
      </Unit55>
      <Unit56>
        <Filename Value="..\wsdlStub\wsauthdaemonunit.pas"/>
        <IsPartOfProject Value="True"/>
        <HasResources Value="True"/>
        <UnitName Value="wsAuthDaemonUnit"/>
      </Unit56>
      <Unit57>
        <Filename Value="..\wsdlStub\wsdaemonunit.pas"/>
        <IsPartOfProject Value="True"/>
        <HasResources Value="True"/>
        <UnitName Value="wsDaemonUnit"/>
      </Unit57>
      <Unit58>
        <Filename Value="..\wsdlStub\wsdlStubHtmlUnit.pas"/>
        <IsPartOfProject Value="True"/>
      </Unit58>
      <Unit59>
        <Filename Value="..\wsdlStub\httpmultipart.pas"/>
        <IsPartOfProject Value="True"/>
      </Unit59>
    </Units>
  </ProjectOptions>
  <CompilerOptions>
    <Version Value="11"/>
    <PathDelim Value="\"/>
    <Target>
      <Filename Value="apiUi"/>
    </Target>
    <SearchPaths>
      <IncludeFiles Value="$(ProjOutDir)"/>
      <OtherUnitFiles Value="..\Mq;..\Xml;..\Xml\json;..\Xml\yaml;..\Xml\IpmScanner;..\Utils;..\Utils\dcpCrypt2;..\Utils\dcpCrypt2\Ciphers;..\Utils\dcpCrypt2\Hashes;..\Utils\a2bStringList;..\Xpress;..\StompInterface;..\TacoInterface;..\StompInterface\Stomp;..\Html;..\ProgressStatus;..\Components\Indy10\Lib\Core;..\Components\Indy10\Lib\System;..\Components\Indy10\Lib\Protocols;..\wsdlStub;..\KaffaClient;..\Components\delphi-markdown-master\source"/>
      <UnitOutputDirectory Value="lib\$(TargetCPU)-$(TargetOS)"/>
    </SearchPaths>
    <Linking>
      <Debugging>
        <GenerateDebugInfo Value="False"/>
        <UseValgrind Value="True"/>
      </Debugging>
      <Options>
        <Win32>
          <GraphicApplication Value="True"/>
        </Win32>
      </Options>
    </Linking>
    <Other>
      <Verbosity>
        <ShowNotes Value="False"/>
      </Verbosity>
      <CompilerMessages>
        <IgnoredMessages idx5028="True" idx5025="True" idx5024="True" idx5023="True"/>
      </CompilerMessages>
      <CustomOptions Value="-dUseCThreads"/>
      <OtherDefines Count="2">
        <Define0 Value="UseCThreads"/>
        <Define1 Value="TrialVersion"/>
      </OtherDefines>
    </Other>
  </CompilerOptions>
  <Debugging>
    <Exceptions Count="22">
      <Item1>
        <Name Value="EAbort"/>
      </Item1>
      <Item2>
        <Name Value="ECodetoolError"/>
        <Enabled Value="False"/>
      </Item2>
      <Item3>
        <Name Value="EFOpenError"/>
        <Enabled Value="False"/>
      </Item3>
      <Item4>
        <Name Value="ERegistryException"/>
      </Item4>
      <Item5>
        <Name Value="EDatabaseError"/>
      </Item5>
      <Item6>
        <Name Value="Exception"/>
      </Item6>
      <Item7>
        <Name Value="EIdSocketError"/>
      </Item7>
      <Item8>
        <Name Value="EIdCouldNotBindSocket"/>
        <Enabled Value="False"/>
      </Item8>
      <Item9>
        <Name Value="EStomp"/>
        <Enabled Value="False"/>
      </Item9>
      <Item10>
        <Name Value="EIdReadTimeout"/>
        <Enabled Value="False"/>
      </Item10>
      <Item11>
        <Name Value="EOraDatabaseError"/>
        <Enabled Value="False"/>
      </Item11>
      <Item12>
        <Name Value="EIdConnClosedGracefully"/>
        <Enabled Value="False"/>
      </Item12>
      <Item13>
        <Name Value="ERegExpr"/>
      </Item13>
      <Item14>
        <Name Value="EIdHTTPProtocolException"/>
      </Item14>
      <Item15>
        <Name Value="EConvertError"/>
      </Item15>
      <Item16>
        <Name Value="EODBCException"/>
        <Enabled Value="False"/>
      </Item16>
      <Item17>
        <Name Value="EInterfaceCritical"/>
        <Enabled Value="False"/>
      </Item17>
      <Item18>
        <Name Value="EStringListError"/>
        <Enabled Value="False"/>
      </Item18>
      <Item19>
        <Name Value="EOleSysError"/>
        <Enabled Value="False"/>
      </Item19>
      <Item20>
        <Name Value="EIdURIException"/>
        <Enabled Value="False"/>
      </Item20>
      <Item21>
        <Name Value="EListError"/>
        <Enabled Value="False"/>
      </Item21>
      <Item22>
        <Name Value="ESQLDatabaseError"/>
      </Item22>
    </Exceptions>
  </Debugging>
</CONFIG>
