<?xml version="1.0" encoding="UTF-8"?>
<CONFIG>
  <ProjectOptions>
    <Version Value="9"/>
    <PathDelim Value="\"/>
    <General>
      <Flags>
        <MainUnitHasCreateFormStatements Value="False"/>
      </Flags>
      <SessionStorage Value="InProjectDir"/>
      <MainUnit Value="0"/>
      <Title Value="wsdlServer"/>
      <UseAppBundle Value="False"/>
      <ResourceType Value="res"/>
    </General>
    <i18n>
      <EnableI18N LFM="False"/>
    </i18n>
    <VersionInfo>
      <UseVersionInfo Value="True"/>
      <MajorVersionNr Value="9"/>
      <RevisionNr Value="4"/>
      <BuildNr Value="56"/>
      <StringTable ProductVersion=""/>
    </VersionInfo>
    <BuildModes Count="1">
      <Item1 Name="Default" Default="True"/>
    </BuildModes>
    <PublishOptions>
      <Version Value="2"/>
    </PublishOptions>
    <RunParams>
      <local>
        <FormatVersion Value="1"/>
        <CommandLineParams Value="&quot;testScript.wsdlStub&quot; --script=test --terminate"/>
      </local>
    </RunParams>
    <RequiredPackages Count="5">
      <Item1>
        <PackageName Value="indylaz"/>
      </Item1>
      <Item2>
        <PackageName Value="virtualtreeview_package"/>
      </Item2>
      <Item3>
        <PackageName Value="LazRichEdit"/>
      </Item3>
      <Item4>
        <PackageName Value="LazUtils"/>
      </Item4>
      <Item5>
        <PackageName Value="LCLBase"/>
      </Item5>
    </RequiredPackages>
    <Units Count="8">
      <Unit0>
        <Filename Value="wsdlServer.lpr"/>
        <IsPartOfProject Value="True"/>
      </Unit0>
      <Unit1>
        <Filename Value="wsdlcontrolz.pas"/>
        <IsPartOfProject Value="True"/>
      </Unit1>
      <Unit2>
        <Filename Value="..\Components\Indy10\Lib\System\IdStack.pas"/>
        <IsPartOfProject Value="True"/>
      </Unit2>
      <Unit3>
        <Filename Value="..\Xml\Xmlz.pas"/>
        <IsPartOfProject Value="True"/>
        <UnitName Value="Xmlz"/>
      </Unit3>
      <Unit4>
        <Filename Value="..\Mq\MQAPI.pas"/>
        <IsPartOfProject Value="True"/>
      </Unit4>
      <Unit5>
        <Filename Value="..\Mq\mqInterface.pas"/>
        <IsPartOfProject Value="True"/>
      </Unit5>
      <Unit6>
        <Filename Value="..\Mq\MQRfh2Api.pas"/>
        <IsPartOfProject Value="True"/>
      </Unit6>
      <Unit7>
        <Filename Value="..\TacoInterface\tacoInterface.pas"/>
        <IsPartOfProject Value="True"/>
      </Unit7>
    </Units>
  </ProjectOptions>
  <CompilerOptions>
    <Version Value="11"/>
    <PathDelim Value="\"/>
    <Target>
      <Filename Value="wsdlServer"/>
    </Target>
    <SearchPaths>
      <IncludeFiles Value="$(ProjOutDir)"/>
      <OtherUnitFiles Value="..\Xml\IpmScanner;..\Utils;..\Utils\dcpCrypt2;..\Utils\dcpCrypt2\Ciphers;..\Utils\dcpCrypt2\Hashes;..\Utils\a2bStringList;..\Xpress;..\Mq;..\StompInterface;..\TacoInterface;..\StompInterface\Stomp;..\components\Indy10\Lib\Protocols;..\components\Indy10\Lib\System;..\components\Indy10\Lib\Core;..\Xml"/>
      <UnitOutputDirectory Value="lib\$(TargetCPU)-$(TargetOS)"/>
    </SearchPaths>
    <Linking>
      <Debugging>
        <UseValgrind Value="True"/>
      </Debugging>
    </Linking>
    <Other>
      <CustomOptions Value="-dConsoleApp
-dUseCThreads"/>
      <CompilerPath Value="$(CompPath)"/>
    </Other>
  </CompilerOptions>
  <Debugging>
    <Exceptions Count="6">
      <Item1>
        <Name Value="EAbort"/>
      </Item1>
      <Item2>
        <Name Value="ECodetoolError"/>
      </Item2>
      <Item3>
        <Name Value="EFOpenError"/>
      </Item3>
      <Item4>
        <Name Value="EIdSocketError"/>
      </Item4>
      <Item5>
        <Name Value="Exception"/>
      </Item5>
      <Item6>
        <Name Value="EIdCouldNotBindSocket"/>
      </Item6>
    </Exceptions>
  </Debugging>
</CONFIG>