<?xml version="1.0" encoding="UTF-8"?>
<CONFIG>
  <ProjectOptions>
    <Version Value="9"/>
    <PathDelim Value="\"/>
    <General>
      <SessionStorage Value="InProjectDir"/>
      <MainUnit Value="0"/>
      <Title Value="wsdlStub"/>
      <ResourceType Value="res"/>
      <UseXPManifest Value="True"/>
      <Icon Value="0"/>
    </General>
    <i18n>
      <EnableI18N LFM="False"/>
    </i18n>
    <VersionInfo>
      <UseVersionInfo Value="True"/>
      <MajorVersionNr Value="9"/>
      <RevisionNr Value="1"/>
      <BuildNr Value="8722"/>
      <StringTable ProductVersion=""/>
    </VersionInfo>
    <BuildModes Count="1">
      <Item1 Name="Default" Default="True"/>
    </BuildModes>
    <PublishOptions>
      <Version Value="2"/>
    </PublishOptions>
    <RunParams>
      <local>
        <FormatVersion Value="1"/>
      </local>
    </RunParams>
    <RequiredPackages Count="6">
      <Item1>
        <PackageName Value="SQLDBLaz"/>
      </Item1>
      <Item2>
        <PackageName Value="indylaz"/>
      </Item2>
      <Item3>
        <PackageName Value="SynEdit"/>
      </Item3>
      <Item4>
        <PackageName Value="LazRichEdit"/>
      </Item4>
      <Item5>
        <PackageName Value="virtualtreeview_package"/>
      </Item5>
      <Item6>
        <PackageName Value="LCL"/>
      </Item6>
    </RequiredPackages>
    <Units Count="4">
      <Unit0>
        <Filename Value="wsdlStub.lpr"/>
        <IsPartOfProject Value="True"/>
      </Unit0>
      <Unit1>
        <Filename Value="WsdlStubMainUnit.pas"/>
        <IsPartOfProject Value="True"/>
        <ComponentName Value="MainForm"/>
        <HasResources Value="True"/>
        <ResourceBaseClass Value="Form"/>
        <UnitName Value="WsdlStubMainUnit"/>
      </Unit1>
      <Unit2>
        <Filename Value="..\Xml\promptfolderunit.pas"/>
        <IsPartOfProject Value="True"/>
        <ComponentName Value="Form1"/>
        <HasResources Value="True"/>
        <ResourceBaseClass Value="Form"/>
      </Unit2>
      <Unit3>
        <Filename Value="..\Components\Indy10\Lib\System\IdStack.pas"/>
        <IsPartOfProject Value="True"/>
      </Unit3>
    </Units>
  </ProjectOptions>
  <CompilerOptions>
    <Version Value="11"/>
    <PathDelim Value="\"/>
    <Target>
      <Filename Value="wsdlStub"/>
    </Target>
    <SearchPaths>
      <IncludeFiles Value="$(ProjOutDir)"/>
      <OtherUnitFiles Value="..\Xml;..\Xml\IpmScanner;..\Utils;..\Utils\dcpCrypt2;..\Utils\dcpCrypt2\Ciphers;..\Utils\dcpCrypt2\Hashes;..\Utils\a2bStringList;..\Xpress;..\Mq;..\StompInterface;..\TacoInterface;..\StompInterface\Stomp;..\components\Indy10\Lib\Protocols;..\components\Indy10\Lib\System;..\components\Indy10\Lib\Core"/>
      <UnitOutputDirectory Value="lib\$(TargetCPU)-$(TargetOS)"/>
    </SearchPaths>
    <Linking>
      <Options>
        <Win32>
          <GraphicApplication Value="True"/>
        </Win32>
      </Options>
    </Linking>
    <Other>
      <CustomOptions Value="-dUseCThreads"/>
      <CompilerPath Value="$(CompPath)"/>
    </Other>
  </CompilerOptions>
  <Debugging>
    <Exceptions Count="18">
      <Item1>
        <Name Value="EAbort"/>
      </Item1>
      <Item2>
        <Name Value="ECodetoolError"/>
        <Enabled Value="False"/>
      </Item2>
      <Item3>
        <Name Value="EFOpenError"/>
        <Enabled Value="False"/>
      </Item3>
      <Item4>
        <Name Value="ERegistryException"/>
      </Item4>
      <Item5>
        <Name Value="EThread"/>
        <Enabled Value="False"/>
      </Item5>
      <Item6>
        <Name Value="EDatabaseError"/>
        <Enabled Value="False"/>
      </Item6>
      <Item7>
        <Name Value="EIdSocketError"/>
        <Enabled Value="False"/>
      </Item7>
      <Item8>
        <Name Value="EIdResolveError"/>
        <Enabled Value="False"/>
      </Item8>
      <Item9>
        <Name Value="EInterfaceCritical"/>
        <Enabled Value="False"/>
      </Item9>
      <Item10>
        <Name Value="Exception"/>
        <Enabled Value="False"/>
      </Item10>
      <Item11>
        <Name Value="EOraDatabaseError"/>
        <Enabled Value="False"/>
      </Item11>
      <Item12>
        <Name Value="EIdReadTimeout"/>
        <Enabled Value="False"/>
      </Item12>
      <Item13>
        <Name Value="EIdConnClosedGracefully"/>
        <Enabled Value="False"/>
      </Item13>
      <Item14>
        <Name Value="ERegExpr"/>
        <Enabled Value="False"/>
      </Item14>
      <Item15>
        <Name Value="EConvertError"/>
        <Enabled Value="False"/>
      </Item15>
      <Item16>
        <Name Value="EIdCouldNotBindSocket"/>
        <Enabled Value="False"/>
      </Item16>
      <Item17>
        <Name Value="EODBCException"/>
      </Item17>
      <Item18>
        <Name Value="EStomp"/>
        <Enabled Value="False"/>
      </Item18>
    </Exceptions>
  </Debugging>
</CONFIG>
